<?xml version="1.0" encoding="utf-8"?>
<Project ToolsVersion="4.0" xmlns="http://schemas.microsoft.com/developer/msbuild/2003">
  <ItemGroup>
    <Filter Include="src">
      <UniqueIdentifier>{4FC737F1-C7A5-4376-A066-2A32D752A2FF}</UniqueIdentifier>
      <Extensions>cpp;c;cc;cxx;c++;cppm;ixx;def;odl;idl;hpj;bat;asm;asmx</Extensions>
    </Filter>
    <Filter Include="include">
      <UniqueIdentifier>{35fc85a2-3dae-43a5-95c1-7a40a7c8cc62}</UniqueIdentifier>
    </Filter>
    <Filter Include="include\glfw">
      <UniqueIdentifier>{4a5ed24c-cb63-4813-b780-eb8291b7b31b}</UniqueIdentifier>
    </Filter>
    <Filter Include="shaders">
      <UniqueIdentifier>{1d4b8dfd-aa06-4fd6-ab7e-35604d7a8fbb}</UniqueIdentifier>
    </Filter>
  </ItemGroup>
  <ItemGroup>
    <ClCompile Include="Formul Hesaplama Uygulaması.cpp">
      <Filter>src</Filter>
    </ClCompile>
    <ClCompile Include="src\formul.cpp">
      <Filter>src</Filter>
    </ClCompile>
    <ClCompile Include="src\graph_render.cpp">
      <Filter>src</Filter>
    </ClCompile>
    <ClCompile Include="src\glad.c">
      <Filter>src</Filter>
    </ClCompile>
    <ClCompile Include="src\kontrol.cpp">
      <Filter>src</Filter>
    </ClCompile>
    <ClCompile Include="src\shape.cpp">
      <Filter>src</Filter>
    </ClCompile>
  </ItemGroup>
  <ItemGroup>
    <ClInclude Include="include\formul.h">
      <Filter>include</Filter>
    </ClInclude>
    <ClInclude Include="include\GLFW\glfw3.h">
      <Filter>include\glfw</Filter>
    </ClInclude>
    <ClInclude Include="include\GLFW\glfw3native.h">
      <Filter>include\glfw</Filter>
    </ClInclude>
    <ClInclude Include="include\graph_render.h">
      <Filter>include</Filter>
    </ClInclude>
    <ClInclude Include="include\glad.h">
      <Filter>include</Filter>
    </ClInclude>
    <ClInclude Include="shader.h">
      <Filter>include</Filter>
    </ClInclude>
    <ClInclude Include="include\shape.h">
      <Filter>include</Filter>
    </ClInclude>
    <ClInclude Include="include\camera.h">
      <Filter>include</Filter>
    </ClInclude>
    <ClInclude Include="include\kontrol.h">
      <Filter>include</Filter>
    </ClInclude>
  </ItemGroup>
  <ItemGroup>
    <None Include="shaders\testShader1.frag">
      <Filter>shaders</Filter>
    </None>
    <None Include="shaders\testShader1.vert">
      <Filter>shaders</Filter>
    </None>
    <None Include="shaders\testCameraShader.frag">
      <Filter>shaders</Filter>
    </None>
    <None Include="shaders\testCameraShader.vert">
      <Filter>shaders</Filter>
    </None>
    <None Include="shaders\testColoredShader.frag">
      <Filter>shaders</Filter>
    </None>
    <None Include="shaders\testColoredShader.vert">
      <Filter>shaders</Filter>
    </None>
  </ItemGroup>
</Project>